# This file is automatically @generated by Cargo.
# It is not intended for manual editing.
version = 4

[[package]]
name = "bitflags"
version = "2.9.4"
source = "registry+https://github.com/rust-lang/crates.io-index"
checksum = "2261d10cca569e4643e526d8dc2e62e433cc8aba21ab764233731f8d369bf394"

[[package]]
name = "byteorder"
version = "1.5.0"
source = "registry+https://github.com/rust-lang/crates.io-index"
checksum = "1fd0f2584146f6f2ef48085050886acf353beff7305ebd1ae69500e27c67f64b"

[[package]]
name = "capnp"
version = "0.21.5"
source = "registry+https://github.com/rust-lang/crates.io-index"
checksum = "f62fcad97587224e2a1bd12ec1c7c0e95b93cefd285763a174cf1b34048c6437"
dependencies = [
 "embedded-io",
]

[[package]]
name = "capnpc"
version = "0.21.4"
source = "registry+https://github.com/rust-lang/crates.io-index"
checksum = "6da96dcb0a0e0c526daf42bac55e1550f18ad973df9ef9ba75204f332c80ad16"
dependencies = [
 "capnp",
]

[[package]]
name = "code-first-capnp"
version = "0.1.0"
dependencies = [
 "facet",
 "heck",
]

[[package]]
name = "demo-run"
version = "0.1.0"
dependencies = [
 "capnp",
 "capnpc",
 "demo-types",
]

[[package]]
name = "demo-types"
version = "0.1.0"
dependencies = [
 "code-first-capnp",
 "facet",
]

[[package]]
name = "embedded-io"
version = "0.6.1"
source = "registry+https://github.com/rust-lang/crates.io-index"
checksum = "edd0f118536f44f5ccd48bcb8b111bdc3de888b58c74639dfb034a357d0f206d"

[[package]]
name = "facet"
version = "0.29.1"
source = "registry+https://github.com/rust-lang/crates.io-index"
checksum = "c47b7ae49fd26ee306c81aa350375f16830946729a2339d51fde6a660a210946"
dependencies = [
 "facet-core",
 "facet-macros",
 "static_assertions",
]

[[package]]
name = "facet-core"
version = "0.29.1"
source = "registry+https://github.com/rust-lang/crates.io-index"
checksum = "9f448a18de9f8f180a0154dba3ca6ba36174f6f666c17bf94bc98df00e48bd47"
dependencies = [
 "bitflags",
 "impls",
]

[[package]]
name = "facet-macros"
version = "0.29.1"
source = "registry+https://github.com/rust-lang/crates.io-index"
checksum = "d726fb66effa4ef614ec0cd55828e5527ac4ed2efdfb3344e84048348e8c5cfe"
dependencies = [
 "facet-core",
 "facet-macros-emit",
]

[[package]]
name = "facet-macros-emit"
version = "0.29.1"
source = "registry+https://github.com/rust-lang/crates.io-index"
checksum = "b3c8d5653543879fb9357b5ce45599a5f456e3225cedcb14f9b3d3d96dc1fe61"
dependencies = [
 "facet-macros-parse",
 "quote",
]

[[package]]
name = "facet-macros-parse"
version = "0.29.1"
source = "registry+https://github.com/rust-lang/crates.io-index"
checksum = "9f775c1ed593adacc14d224aacedb0a633d0baab8a0107d9e61da53c8ba97736"
dependencies = [
 "proc-macro2",
 "quote",
 "unsynn",
]

[[package]]
name = "fxhash"
version = "0.2.1"
source = "registry+https://github.com/rust-lang/crates.io-index"
checksum = "c31b6d751ae2c7f11320402d34e41349dd1016f8d5d45e48c4312bc8625af50c"
dependencies = [
 "byteorder",
]

[[package]]
name = "heck"
version = "0.5.0"
source = "registry+https://github.com/rust-lang/crates.io-index"
checksum = "2304e00983f87ffb38b55b444b5e3b60a884b5d30c0fca7d82fe33449bbe55ea"

[[package]]
name = "impls"
version = "1.0.3"
source = "registry+https://github.com/rust-lang/crates.io-index"
checksum = "7a46645bbd70538861a90d0f26c31537cdf1e44aae99a794fb75a664b70951bc"

[[package]]
name = "mutants"
version = "0.0.3"
source = "registry+https://github.com/rust-lang/crates.io-index"
checksum = "bc0287524726960e07b119cebd01678f852f147742ae0d925e6a520dca956126"

[[package]]
name = "proc-macro2"
version = "1.0.101"
source = "registry+https://github.com/rust-lang/crates.io-index"
checksum = "89ae43fd86e4158d6db51ad8e2b80f313af9cc74f5c0e03ccb87de09998732de"
dependencies = [
 "unicode-ident",
]

[[package]]
name = "quote"
version = "1.0.40"
source = "registry+https://github.com/rust-lang/crates.io-index"
checksum = "1885c039570dc00dcb4ff087a89e185fd56bae234ddc7f056a945bf36467248d"
dependencies = [
 "proc-macro2",
]

[[package]]
name = "shadow_counted"
version = "0.4.0"
source = "registry+https://github.com/rust-lang/crates.io-index"
checksum = "65da48d447333cebe1aadbdd3662f3ba56e76e67f53bc46f3dd5f67c74629d6b"

[[package]]
name = "static_assertions"
version = "1.1.0"
source = "registry+https://github.com/rust-lang/crates.io-index"
checksum = "a2eb9349b6444b326872e140eb1cf5e7c522154d69e7a0ffb0fb81c06b37543f"

[[package]]
name = "unicode-ident"
version = "1.0.19"
source = "registry+https://github.com/rust-lang/crates.io-index"
checksum = "f63a545481291138910575129486daeaf8ac54aee4387fe7906919f7830c7d9d"

[[package]]
name = "unsynn"
version = "0.1.1"
source = "registry+https://github.com/rust-lang/crates.io-index"
checksum = "7940603a9e25cf11211cc43b81f4fcad2b8ab4df291ca855f32c40e1ac22d5bc"
dependencies = [
 "fxhash",
 "mutants",
 "proc-macro2",
 "shadow_counted",
]
